// !$*UTF8*$!
{
	archiveVersion = 1;
	classes = {
	};
	objectVersion = 46;
	objects = {

/* Begin PBXBuildFile section */
		AC6E8ABD1C6B947D0034219D /* MapKit.framework in Frameworks */ = {isa = PBXBuildFile; fileRef = AC6E8ABC1C6B947D0034219D /* MapKit.framework */; };
		AC6E8ABF1C6BA45E0034219D /* CoreLocation.framework in Frameworks */ = {isa = PBXBuildFile; fileRef = AC6E8ABE1C6BA45E0034219D /* CoreLocation.framework */; };
		ACA4DA3B1C6E67A80017C18B /* MapAnnotations.m in Sources */ = {isa = PBXBuildFile; fileRef = ACA4DA3A1C6E67A80017C18B /* MapAnnotations.m */; };
		EC4657B21C67D65D00F6509E /* cijevi1.png in Resources */ = {isa = PBXBuildFile; fileRef = EC46578C1C67D65D00F6509E /* cijevi1.png */; };
		EC4657B31C67D65D00F6509E /* cijevi2.png in Resources */ = {isa = PBXBuildFile; fileRef = EC46578D1C67D65D00F6509E /* cijevi2.png */; };
		EC4657B41C67D65D00F6509E /* cijevi3.png in Resources */ = {isa = PBXBuildFile; fileRef = EC46578E1C67D65D00F6509E /* cijevi3.png */; };
		EC4657B51C67D65D00F6509E /* cijevi4.png in Resources */ = {isa = PBXBuildFile; fileRef = EC46578F1C67D65D00F6509E /* cijevi4.png */; };
		EC4657B61C67D65D00F6509E /* cijevi5.png in Resources */ = {isa = PBXBuildFile; fileRef = EC4657901C67D65D00F6509E /* cijevi5.png */; };
		EC4657B71C67D65D00F6509E /* cijevi6.png in Resources */ = {isa = PBXBuildFile; fileRef = EC4657911C67D65D00F6509E /* cijevi6.png */; };
		EC4657B81C67D65D00F6509E /* cijevTurbine.png in Resources */ = {isa = PBXBuildFile; fileRef = EC4657921C67D65D00F6509E /* cijevTurbine.png */; };
		EC4657B91C67D65D00F6509E /* cijevVentil.png in Resources */ = {isa = PBXBuildFile; fileRef = EC4657931C67D65D00F6509E /* cijevVentil.png */; };
		EC4657BB1C67D65D00F6509E /* Default-568h@2x.png in Resources */ = {isa = PBXBuildFile; fileRef = EC4657951C67D65D00F6509E /* Default-568h@2x.png */; };
		EC4657BC1C67D65D00F6509E /* mlazVode0.png in Resources */ = {isa = PBXBuildFile; fileRef = EC4657961C67D65D00F6509E /* mlazVode0.png */; };
		EC4657BD1C67D65D00F6509E /* mlazVode1.png in Resources */ = {isa = PBXBuildFile; fileRef = EC4657971C67D65D00F6509E /* mlazVode1.png */; };
		EC4657BE1C67D65D00F6509E /* mlazVode2.png in Resources */ = {isa = PBXBuildFile; fileRef = EC4657981C67D65D00F6509E /* mlazVode2.png */; };
		EC4657BF1C67D65D00F6509E /* mlazVode3.png in Resources */ = {isa = PBXBuildFile; fileRef = EC4657991C67D65D00F6509E /* mlazVode3.png */; };
		EC4657C01C67D65D00F6509E /* mlazVodeA0.png in Resources */ = {isa = PBXBuildFile; fileRef = EC46579A1C67D65D00F6509E /* mlazVodeA0.png */; };
		EC4657C11C67D65D00F6509E /* mlazVodeA1.png in Resources */ = {isa = PBXBuildFile; fileRef = EC46579B1C67D65D00F6509E /* mlazVodeA1.png */; };
		EC4657C21C67D65D00F6509E /* mlazVodeA3.png in Resources */ = {isa = PBXBuildFile; fileRef = EC46579C1C67D65D00F6509E /* mlazVodeA3.png */; };
		EC4657C31C67D65D00F6509E /* mlazVodeB0.png in Resources */ = {isa = PBXBuildFile; fileRef = EC46579D1C67D65D00F6509E /* mlazVodeB0.png */; };
		EC4657C41C67D65D00F6509E /* mlazVodeB1.png in Resources */ = {isa = PBXBuildFile; fileRef = EC46579E1C67D65D00F6509E /* mlazVodeB1.png */; };
		EC4657C51C67D65D00F6509E /* mlazVodeB3.png in Resources */ = {isa = PBXBuildFile; fileRef = EC46579F1C67D65D00F6509E /* mlazVodeB3.png */; };
		EC4657C61C67D65D00F6509E /* mlazVodeC0.png in Resources */ = {isa = PBXBuildFile; fileRef = EC4657A01C67D65D00F6509E /* mlazVodeC0.png */; };
		EC4657C71C67D65D00F6509E /* mlazVodeC1.png in Resources */ = {isa = PBXBuildFile; fileRef = EC4657A11C67D65D00F6509E /* mlazVodeC1.png */; };
		EC4657C81C67D65D00F6509E /* mlazVodeC3.png in Resources */ = {isa = PBXBuildFile; fileRef = EC4657A21C67D65D00F6509E /* mlazVodeC3.png */; };
		EC4657C91C67D65D00F6509E /* mlazVodeD0.png in Resources */ = {isa = PBXBuildFile; fileRef = EC4657A31C67D65D00F6509E /* mlazVodeD0.png */; };
		EC4657CA1C67D65D00F6509E /* mlazVodeD1.png in Resources */ = {isa = PBXBuildFile; fileRef = EC4657A41C67D65D00F6509E /* mlazVodeD1.png */; };
		EC4657CB1C67D65D00F6509E /* mlazVodeD3.png in Resources */ = {isa = PBXBuildFile; fileRef = EC4657A51C67D65D00F6509E /* mlazVodeD3.png */; };
		EC4657CC1C67D65D00F6509E /* podlogaPipe.png in Resources */ = {isa = PBXBuildFile; fileRef = EC4657A61C67D65D00F6509E /* podlogaPipe.png */; };
		EC4657CD1C67D65D00F6509E /* podlogaPipe2.png in Resources */ = {isa = PBXBuildFile; fileRef = EC4657A71C67D65D00F6509E /* podlogaPipe2.png */; };
		EC4657CE1C67D65D00F6509E /* ruckaVentila.png in Resources */ = {isa = PBXBuildFile; fileRef = EC4657A81C67D65D00F6509E /* ruckaVentila.png */; };
		EC4657CF1C67D65D00F6509E /* strelica.png in Resources */ = {isa = PBXBuildFile; fileRef = EC4657A91C67D65D00F6509E /* strelica.png */; };
		EC4657D01C67D65D00F6509E /* turbina3.png in Resources */ = {isa = PBXBuildFile; fileRef = EC4657AA1C67D65D00F6509E /* turbina3.png */; };
		EC4657D11C67D65D00F6509E /* turbinaStator.png in Resources */ = {isa = PBXBuildFile; fileRef = EC4657AB1C67D65D00F6509E /* turbinaStator.png */; };
		EC4657D21C67D65D00F6509E /* zarulja0000.png in Resources */ = {isa = PBXBuildFile; fileRef = EC4657AC1C67D65D00F6509E /* zarulja0000.png */; };
		EC4657D31C67D65D00F6509E /* zarulja0006.png in Resources */ = {isa = PBXBuildFile; fileRef = EC4657AD1C67D65D00F6509E /* zarulja0006.png */; };
		EC4657D41C67D65D00F6509E /* zarulja0007.png in Resources */ = {isa = PBXBuildFile; fileRef = EC4657AE1C67D65D00F6509E /* zarulja0007.png */; };
		EC4657D51C67D65D00F6509E /* zarulja0008.png in Resources */ = {isa = PBXBuildFile; fileRef = EC4657AF1C67D65D00F6509E /* zarulja0008.png */; };
		EC4657D61C67D65D00F6509E /* zarulja0009.png in Resources */ = {isa = PBXBuildFile; fileRef = EC4657B01C67D65D00F6509E /* zarulja0009.png */; };
		EC4657D71C67D65D00F6509E /* zarulja0010.png in Resources */ = {isa = PBXBuildFile; fileRef = EC4657B11C67D65D00F6509E /* zarulja0010.png */; };
		EC5C62211C567FC400608AEC /* main.m in Sources */ = {isa = PBXBuildFile; fileRef = EC5C62201C567FC400608AEC /* main.m */; };
		EC5C62241C567FC400608AEC /* AppDelegate.m in Sources */ = {isa = PBXBuildFile; fileRef = EC5C62231C567FC400608AEC /* AppDelegate.m */; };
		EC5C62271C567FC400608AEC /* ViewController.m in Sources */ = {isa = PBXBuildFile; fileRef = EC5C62261C567FC400608AEC /* ViewController.m */; };
		EC5C622A1C567FC400608AEC /* Main.storyboard in Resources */ = {isa = PBXBuildFile; fileRef = EC5C62281C567FC400608AEC /* Main.storyboard */; };
		EC5C622C1C567FC400608AEC /* Assets.xcassets in Resources */ = {isa = PBXBuildFile; fileRef = EC5C622B1C567FC400608AEC /* Assets.xcassets */; };
		EC5C622F1C567FC400608AEC /* LaunchScreen.storyboard in Resources */ = {isa = PBXBuildFile; fileRef = EC5C622D1C567FC400608AEC /* LaunchScreen.storyboard */; };
		EC5C62381C56ADFA00608AEC /* bio.m in Sources */ = {isa = PBXBuildFile; fileRef = EC5C62371C56ADFA00608AEC /* bio.m */; };
		EC5C623B1C56AE5F00608AEC /* energy.m in Sources */ = {isa = PBXBuildFile; fileRef = EC5C623A1C56AE5F00608AEC /* energy.m */; };
		EC5C623E1C56AF8C00608AEC /* motor.m in Sources */ = {isa = PBXBuildFile; fileRef = EC5C623D1C56AF8C00608AEC /* motor.m */; };
		EC5C62411C56AFFC00608AEC /* wireless.m in Sources */ = {isa = PBXBuildFile; fileRef = EC5C62401C56AFFC00608AEC /* wireless.m */; };
		EC5C62441C56B02B00608AEC /* boat.m in Sources */ = {isa = PBXBuildFile; fileRef = EC5C62431C56B02B00608AEC /* boat.m */; };
		EC5C62471C56B05C00608AEC /* coil.m in Sources */ = {isa = PBXBuildFile; fileRef = EC5C62461C56B05C00608AEC /* coil.m */; };
		EC5C624A1C56B09000608AEC /* transmision.m in Sources */ = {isa = PBXBuildFile; fileRef = EC5C62491C56B09000608AEC /* transmision.m */; };
		EC5C624D1C56B11700608AEC /* about.m in Sources */ = {isa = PBXBuildFile; fileRef = EC5C624C1C56B11700608AEC /* about.m */; };
		EC5C62501C56B15200608AEC /* findus.m in Sources */ = {isa = PBXBuildFile; fileRef = EC5C624F1C56B15200608AEC /* findus.m */; };
		EC5C62531C56B1A700608AEC /* Faradey.m in Sources */ = {isa = PBXBuildFile; fileRef = EC5C62521C56B1A700608AEC /* Faradey.m */; };
		EC5C62561C56B1D000608AEC /* xray.m in Sources */ = {isa = PBXBuildFile; fileRef = EC5C62551C56B1D000608AEC /* xray.m */; };
		EC5C62591C56B20600608AEC /* jaje.m in Sources */ = {isa = PBXBuildFile; fileRef = EC5C62581C56B20600608AEC /* jaje.m */; };
		EC5C625F1C56B25800608AEC /* radio.m in Sources */ = {isa = PBXBuildFile; fileRef = EC5C625E1C56B25800608AEC /* radio.m */; };
		EC5C62621C56B27B00608AEC /* laser.m in Sources */ = {isa = PBXBuildFile; fileRef = EC5C62611C56B27B00608AEC /* laser.m */; };
		EC5C62651C56B31500608AEC /* elPipe.m in Sources */ = {isa = PBXBuildFile; fileRef = EC5C62641C56B31500608AEC /* elPipe.m */; };
		EC5C626C1C58034F00608AEC /* prva.html in Resources */ = {isa = PBXBuildFile; fileRef = EC5C626B1C58034F00608AEC /* prva.html */; };
		EC5C62701C58117600608AEC /* teslaSmiljan.jpg in Resources */ = {isa = PBXBuildFile; fileRef = EC5C626F1C58117600608AEC /* teslaSmiljan.jpg */; };
		EC5C62721C58119200608AEC /* TeslaSjedi.png in Resources */ = {isa = PBXBuildFile; fileRef = EC5C62711C58119200608AEC /* TeslaSjedi.png */; };
		EC5C62741C5818ED00608AEC /* druga.html in Resources */ = {isa = PBXBuildFile; fileRef = EC5C62731C5818ED00608AEC /* druga.html */; };
		EC5C62761C581C4D00608AEC /* brodizvan.png in Resources */ = {isa = PBXBuildFile; fileRef = EC5C62751C581C4D00608AEC /* brodizvan.png */; };
		EC5C627A1C581F9700608AEC /* ticon.png in Resources */ = {isa = PBXBuildFile; fileRef = EC5C62791C581F9700608AEC /* ticon.png */; };
		EC5C62811C58331900608AEC /* left.png in Resources */ = {isa = PBXBuildFile; fileRef = EC5C627F1C58331900608AEC /* left.png */; };
		EC5C62821C58331900608AEC /* right.png in Resources */ = {isa = PBXBuildFile; fileRef = EC5C62801C58331900608AEC /* right.png */; };
		ECCD0F741C63BB1900A1A4D7 /* tesla200.png in Resources */ = {isa = PBXBuildFile; fileRef = ECCD0F731C63BB1900A1A4D7 /* tesla200.png */; };
/* End PBXBuildFile section */

/* Begin PBXFileReference section */
		AC6E8ABC1C6B947D0034219D /* MapKit.framework */ = {isa = PBXFileReference; lastKnownFileType = wrapper.framework; name = MapKit.framework; path = System/Library/Frameworks/MapKit.framework; sourceTree = SDKROOT; };
		AC6E8ABE1C6BA45E0034219D /* CoreLocation.framework */ = {isa = PBXFileReference; lastKnownFileType = wrapper.framework; name = CoreLocation.framework; path = System/Library/Frameworks/CoreLocation.framework; sourceTree = SDKROOT; };
		ACA4DA391C6E67A80017C18B /* MapAnnotations.h */ = {isa = PBXFileReference; fileEncoding = 4; lastKnownFileType = sourcecode.c.h; path = MapAnnotations.h; sourceTree = "<group>"; };
		ACA4DA3A1C6E67A80017C18B /* MapAnnotations.m */ = {isa = PBXFileReference; fileEncoding = 4; lastKnownFileType = sourcecode.c.objc; path = MapAnnotations.m; sourceTree = "<group>"; };
		EC46578C1C67D65D00F6509E /* cijevi1.png */ = {isa = PBXFileReference; lastKnownFileType = image.png; path = cijevi1.png; sourceTree = "<group>"; };
		EC46578D1C67D65D00F6509E /* cijevi2.png */ = {isa = PBXFileReference; lastKnownFileType = image.png; path = cijevi2.png; sourceTree = "<group>"; };
		EC46578E1C67D65D00F6509E /* cijevi3.png */ = {isa = PBXFileReference; lastKnownFileType = image.png; path = cijevi3.png; sourceTree = "<group>"; };
		EC46578F1C67D65D00F6509E /* cijevi4.png */ = {isa = PBXFileReference; lastKnownFileType = image.png; path = cijevi4.png; sourceTree = "<group>"; };
		EC4657901C67D65D00F6509E /* cijevi5.png */ = {isa = PBXFileReference; lastKnownFileType = image.png; path = cijevi5.png; sourceTree = "<group>"; };
		EC4657911C67D65D00F6509E /* cijevi6.png */ = {isa = PBXFileReference; lastKnownFileType = image.png; path = cijevi6.png; sourceTree = "<group>"; };
		EC4657921C67D65D00F6509E /* cijevTurbine.png */ = {isa = PBXFileReference; lastKnownFileType = image.png; path = cijevTurbine.png; sourceTree = "<group>"; };
		EC4657931C67D65D00F6509E /* cijevVentil.png */ = {isa = PBXFileReference; lastKnownFileType = image.png; path = cijevVentil.png; sourceTree = "<group>"; };
		EC4657951C67D65D00F6509E /* Default-568h@2x.png */ = {isa = PBXFileReference; lastKnownFileType = image.png; path = "Default-568h@2x.png"; sourceTree = "<group>"; };
		EC4657961C67D65D00F6509E /* mlazVode0.png */ = {isa = PBXFileReference; lastKnownFileType = image.png; path = mlazVode0.png; sourceTree = "<group>"; };
		EC4657971C67D65D00F6509E /* mlazVode1.png */ = {isa = PBXFileReference; lastKnownFileType = image.png; path = mlazVode1.png; sourceTree = "<group>"; };
		EC4657981C67D65D00F6509E /* mlazVode2.png */ = {isa = PBXFileReference; lastKnownFileType = image.png; path = mlazVode2.png; sourceTree = "<group>"; };
		EC4657991C67D65D00F6509E /* mlazVode3.png */ = {isa = PBXFileReference; lastKnownFileType = image.png; path = mlazVode3.png; sourceTree = "<group>"; };
		EC46579A1C67D65D00F6509E /* mlazVodeA0.png */ = {isa = PBXFileReference; lastKnownFileType = image.png; path = mlazVodeA0.png; sourceTree = "<group>"; };
		EC46579B1C67D65D00F6509E /* mlazVodeA1.png */ = {isa = PBXFileReference; lastKnownFileType = image.png; path = mlazVodeA1.png; sourceTree = "<group>"; };
		EC46579C1C67D65D00F6509E /* mlazVodeA3.png */ = {isa = PBXFileReference; lastKnownFileType = image.png; path = mlazVodeA3.png; sourceTree = "<group>"; };
		EC46579D1C67D65D00F6509E /* mlazVodeB0.png */ = {isa = PBXFileReference; lastKnownFileType = image.png; path = mlazVodeB0.png; sourceTree = "<group>"; };
		EC46579E1C67D65D00F6509E /* mlazVodeB1.png */ = {isa = PBXFileReference; lastKnownFileType = image.png; path = mlazVodeB1.png; sourceTree = "<group>"; };
		EC46579F1C67D65D00F6509E /* mlazVodeB3.png */ = {isa = PBXFileReference; lastKnownFileType = image.png; path = mlazVodeB3.png; sourceTree = "<group>"; };
		EC4657A01C67D65D00F6509E /* mlazVodeC0.png */ = {isa = PBXFileReference; lastKnownFileType = image.png; path = mlazVodeC0.png; sourceTree = "<group>"; };
		EC4657A11C67D65D00F6509E /* mlazVodeC1.png */ = {isa = PBXFileReference; lastKnownFileType = image.png; path = mlazVodeC1.png; sourceTree = "<group>"; };
		EC4657A21C67D65D00F6509E /* mlazVodeC3.png */ = {isa = PBXFileReference; lastKnownFileType = image.png; path = mlazVodeC3.png; sourceTree = "<group>"; };
		EC4657A31C67D65D00F6509E /* mlazVodeD0.png */ = {isa = PBXFileReference; lastKnownFileType = image.png; path = mlazVodeD0.png; sourceTree = "<group>"; };
		EC4657A41C67D65D00F6509E /* mlazVodeD1.png */ = {isa = PBXFileReference; lastKnownFileType = image.png; path = mlazVodeD1.png; sourceTree = "<group>"; };
		EC4657A51C67D65D00F6509E /* mlazVodeD3.png */ = {isa = PBXFileReference; lastKnownFileType = image.png; path = mlazVodeD3.png; sourceTree = "<group>"; };
		EC4657A61C67D65D00F6509E /* podlogaPipe.png */ = {isa = PBXFileReference; lastKnownFileType = image.png; path = podlogaPipe.png; sourceTree = "<group>"; };
		EC4657A71C67D65D00F6509E /* podlogaPipe2.png */ = {isa = PBXFileReference; lastKnownFileType = image.png; path = podlogaPipe2.png; sourceTree = "<group>"; };
		EC4657A81C67D65D00F6509E /* ruckaVentila.png */ = {isa = PBXFileReference; lastKnownFileType = image.png; path = ruckaVentila.png; sourceTree = "<group>"; };
		EC4657A91C67D65D00F6509E /* strelica.png */ = {isa = PBXFileReference; lastKnownFileType = image.png; path = strelica.png; sourceTree = "<group>"; };
		EC4657AA1C67D65D00F6509E /* turbina3.png */ = {isa = PBXFileReference; lastKnownFileType = image.png; path = turbina3.png; sourceTree = "<group>"; };
		EC4657AB1C67D65D00F6509E /* turbinaStator.png */ = {isa = PBXFileReference; lastKnownFileType = image.png; path = turbinaStator.png; sourceTree = "<group>"; };
		EC4657AC1C67D65D00F6509E /* zarulja0000.png */ = {isa = PBXFileReference; lastKnownFileType = image.png; path = zarulja0000.png; sourceTree = "<group>"; };
		EC4657AD1C67D65D00F6509E /* zarulja0006.png */ = {isa = PBXFileReference; lastKnownFileType = image.png; path = zarulja0006.png; sourceTree = "<group>"; };
		EC4657AE1C67D65D00F6509E /* zarulja0007.png */ = {isa = PBXFileReference; lastKnownFileType = image.png; path = zarulja0007.png; sourceTree = "<group>"; };
		EC4657AF1C67D65D00F6509E /* zarulja0008.png */ = {isa = PBXFileReference; lastKnownFileType = image.png; path = zarulja0008.png; sourceTree = "<group>"; };
		EC4657B01C67D65D00F6509E /* zarulja0009.png */ = {isa = PBXFileReference; lastKnownFileType = image.png; path = zarulja0009.png; sourceTree = "<group>"; };
		EC4657B11C67D65D00F6509E /* zarulja0010.png */ = {isa = PBXFileReference; lastKnownFileType = image.png; path = zarulja0010.png; sourceTree = "<group>"; };
		EC5C621C1C567FC400608AEC /* MC Nikola Tesla.app */ = {isa = PBXFileReference; explicitFileType = wrapper.application; includeInIndex = 0; path = "MC Nikola Tesla.app"; sourceTree = BUILT_PRODUCTS_DIR; };
		EC5C62201C567FC400608AEC /* main.m */ = {isa = PBXFileReference; lastKnownFileType = sourcecode.c.objc; path = main.m; sourceTree = "<group>"; };
		EC5C62221C567FC400608AEC /* AppDelegate.h */ = {isa = PBXFileReference; lastKnownFileType = sourcecode.c.h; path = AppDelegate.h; sourceTree = "<group>"; };
		EC5C62231C567FC400608AEC /* AppDelegate.m */ = {isa = PBXFileReference; lastKnownFileType = sourcecode.c.objc; path = AppDelegate.m; sourceTree = "<group>"; };
		EC5C62251C567FC400608AEC /* ViewController.h */ = {isa = PBXFileReference; lastKnownFileType = sourcecode.c.h; path = ViewController.h; sourceTree = "<group>"; };
		EC5C62261C567FC400608AEC /* ViewController.m */ = {isa = PBXFileReference; lastKnownFileType = sourcecode.c.objc; path = ViewController.m; sourceTree = "<group>"; };
		EC5C62291C567FC400608AEC /* Base */ = {isa = PBXFileReference; lastKnownFileType = file.storyboard; name = Base; path = Base.lproj/Main.storyboard; sourceTree = "<group>"; };
		EC5C622B1C567FC400608AEC /* Assets.xcassets */ = {isa = PBXFileReference; lastKnownFileType = folder.assetcatalog; path = Assets.xcassets; sourceTree = "<group>"; };
		EC5C622E1C567FC400608AEC /* Base */ = {isa = PBXFileReference; lastKnownFileType = file.storyboard; name = Base; path = Base.lproj/LaunchScreen.storyboard; sourceTree = "<group>"; };
		EC5C62301C567FC400608AEC /* Info.plist */ = {isa = PBXFileReference; lastKnownFileType = text.plist.xml; path = Info.plist; sourceTree = "<group>"; };
		EC5C62361C56ADFA00608AEC /* bio.h */ = {isa = PBXFileReference; fileEncoding = 4; lastKnownFileType = sourcecode.c.h; path = bio.h; sourceTree = "<group>"; };
		EC5C62371C56ADFA00608AEC /* bio.m */ = {isa = PBXFileReference; fileEncoding = 4; lastKnownFileType = sourcecode.c.objc; path = bio.m; sourceTree = "<group>"; };
		EC5C62391C56AE5F00608AEC /* energy.h */ = {isa = PBXFileReference; fileEncoding = 4; lastKnownFileType = sourcecode.c.h; path = energy.h; sourceTree = "<group>"; };
		EC5C623A1C56AE5F00608AEC /* energy.m */ = {isa = PBXFileReference; fileEncoding = 4; lastKnownFileType = sourcecode.c.objc; path = energy.m; sourceTree = "<group>"; };
		EC5C623C1C56AF8C00608AEC /* motor.h */ = {isa = PBXFileReference; fileEncoding = 4; lastKnownFileType = sourcecode.c.h; path = motor.h; sourceTree = "<group>"; };
		EC5C623D1C56AF8C00608AEC /* motor.m */ = {isa = PBXFileReference; fileEncoding = 4; lastKnownFileType = sourcecode.c.objc; path = motor.m; sourceTree = "<group>"; };
		EC5C623F1C56AFFC00608AEC /* wireless.h */ = {isa = PBXFileReference; fileEncoding = 4; lastKnownFileType = sourcecode.c.h; path = wireless.h; sourceTree = "<group>"; };
		EC5C62401C56AFFC00608AEC /* wireless.m */ = {isa = PBXFileReference; fileEncoding = 4; lastKnownFileType = sourcecode.c.objc; path = wireless.m; sourceTree = "<group>"; };
		EC5C62421C56B02B00608AEC /* boat.h */ = {isa = PBXFileReference; fileEncoding = 4; lastKnownFileType = sourcecode.c.h; path = boat.h; sourceTree = "<group>"; };
		EC5C62431C56B02B00608AEC /* boat.m */ = {isa = PBXFileReference; fileEncoding = 4; lastKnownFileType = sourcecode.c.objc; path = boat.m; sourceTree = "<group>"; };
		EC5C62451C56B05C00608AEC /* coil.h */ = {isa = PBXFileReference; fileEncoding = 4; lastKnownFileType = sourcecode.c.h; path = coil.h; sourceTree = "<group>"; };
		EC5C62461C56B05C00608AEC /* coil.m */ = {isa = PBXFileReference; fileEncoding = 4; lastKnownFileType = sourcecode.c.objc; path = coil.m; sourceTree = "<group>"; };
		EC5C62481C56B09000608AEC /* transmision.h */ = {isa = PBXFileReference; fileEncoding = 4; lastKnownFileType = sourcecode.c.h; path = transmision.h; sourceTree = "<group>"; };
		EC5C62491C56B09000608AEC /* transmision.m */ = {isa = PBXFileReference; fileEncoding = 4; lastKnownFileType = sourcecode.c.objc; path = transmision.m; sourceTree = "<group>"; };
		EC5C624B1C56B11700608AEC /* about.h */ = {isa = PBXFileReference; fileEncoding = 4; lastKnownFileType = sourcecode.c.h; path = about.h; sourceTree = "<group>"; };
		EC5C624C1C56B11700608AEC /* about.m */ = {isa = PBXFileReference; fileEncoding = 4; lastKnownFileType = sourcecode.c.objc; path = about.m; sourceTree = "<group>"; };
		EC5C624E1C56B15200608AEC /* findus.h */ = {isa = PBXFileReference; fileEncoding = 4; lastKnownFileType = sourcecode.c.h; path = findus.h; sourceTree = "<group>"; };
		EC5C624F1C56B15200608AEC /* findus.m */ = {isa = PBXFileReference; fileEncoding = 4; lastKnownFileType = sourcecode.c.objc; path = findus.m; sourceTree = "<group>"; };
		EC5C62511C56B1A700608AEC /* Faradey.h */ = {isa = PBXFileReference; fileEncoding = 4; lastKnownFileType = sourcecode.c.h; path = Faradey.h; sourceTree = "<group>"; };
		EC5C62521C56B1A700608AEC /* Faradey.m */ = {isa = PBXFileReference; fileEncoding = 4; lastKnownFileType = sourcecode.c.objc; path = Faradey.m; sourceTree = "<group>"; };
		EC5C62541C56B1D000608AEC /* xray.h */ = {isa = PBXFileReference; fileEncoding = 4; lastKnownFileType = sourcecode.c.h; path = xray.h; sourceTree = "<group>"; };
		EC5C62551C56B1D000608AEC /* xray.m */ = {isa = PBXFileReference; fileEncoding = 4; lastKnownFileType = sourcecode.c.objc; path = xray.m; sourceTree = "<group>"; };
		EC5C62571C56B20600608AEC /* jaje.h */ = {isa = PBXFileReference; fileEncoding = 4; lastKnownFileType = sourcecode.c.h; path = jaje.h; sourceTree = "<group>"; };
		EC5C62581C56B20600608AEC /* jaje.m */ = {isa = PBXFileReference; fileEncoding = 4; lastKnownFileType = sourcecode.c.objc; path = jaje.m; sourceTree = "<group>"; };
		EC5C625D1C56B25800608AEC /* radio.h */ = {isa = PBXFileReference; fileEncoding = 4; lastKnownFileType = sourcecode.c.h; path = radio.h; sourceTree = "<group>"; };
		EC5C625E1C56B25800608AEC /* radio.m */ = {isa = PBXFileReference; fileEncoding = 4; lastKnownFileType = sourcecode.c.objc; path = radio.m; sourceTree = "<group>"; };
		EC5C62601C56B27B00608AEC /* laser.h */ = {isa = PBXFileReference; fileEncoding = 4; lastKnownFileType = sourcecode.c.h; path = laser.h; sourceTree = "<group>"; };
		EC5C62611C56B27B00608AEC /* laser.m */ = {isa = PBXFileReference; fileEncoding = 4; lastKnownFileType = sourcecode.c.objc; path = laser.m; sourceTree = "<group>"; };
		EC5C62631C56B31500608AEC /* elPipe.h */ = {isa = PBXFileReference; fileEncoding = 4; lastKnownFileType = sourcecode.c.h; name = elPipe.h; path = ../elPipe.h; sourceTree = "<group>"; };
		EC5C62641C56B31500608AEC /* elPipe.m */ = {isa = PBXFileReference; fileEncoding = 4; lastKnownFileType = sourcecode.c.objc; name = elPipe.m; path = ../elPipe.m; sourceTree = "<group>"; };
		EC5C626B1C58034F00608AEC /* prva.html */ = {isa = PBXFileReference; fileEncoding = 4; lastKnownFileType = text.html; path = prva.html; sourceTree = "<group>"; };
		EC5C626F1C58117600608AEC /* teslaSmiljan.jpg */ = {isa = PBXFileReference; lastKnownFileType = image.jpeg; path = teslaSmiljan.jpg; sourceTree = "<group>"; };
		EC5C62711C58119200608AEC /* TeslaSjedi.png */ = {isa = PBXFileReference; lastKnownFileType = image.png; path = TeslaSjedi.png; sourceTree = "<group>"; };
		EC5C62731C5818ED00608AEC /* druga.html */ = {isa = PBXFileReference; fileEncoding = 4; lastKnownFileType = text.html; path = druga.html; sourceTree = "<group>"; };
		EC5C62751C581C4D00608AEC /* brodizvan.png */ = {isa = PBXFileReference; lastKnownFileType = image.png; path = brodizvan.png; sourceTree = "<group>"; };
		EC5C62791C581F9700608AEC /* ticon.png */ = {isa = PBXFileReference; lastKnownFileType = image.png; path = ticon.png; sourceTree = "<group>"; };
		EC5C627F1C58331900608AEC /* left.png */ = {isa = PBXFileReference; lastKnownFileType = image.png; path = left.png; sourceTree = "<group>"; };
		EC5C62801C58331900608AEC /* right.png */ = {isa = PBXFileReference; lastKnownFileType = image.png; path = right.png; sourceTree = "<group>"; };
		ECCD0F731C63BB1900A1A4D7 /* tesla200.png */ = {isa = PBXFileReference; lastKnownFileType = image.png; path = tesla200.png; sourceTree = "<group>"; };
/* End PBXFileReference section */

/* Begin PBXFrameworksBuildPhase section */
		EC5C62191C567FC400608AEC /* Frameworks */ = {
			isa = PBXFrameworksBuildPhase;
			buildActionMask = 2147483647;
			files = (
				AC6E8ABF1C6BA45E0034219D /* CoreLocation.framework in Frameworks */,
				AC6E8ABD1C6B947D0034219D /* MapKit.framework in Frameworks */,
			);
			runOnlyForDeploymentPostprocessing = 0;
		};
/* End PBXFrameworksBuildPhase section */

/* Begin PBXGroup section */
		EC46578B1C67D60200F6509E /* pipeSlike */ = {
			isa = PBXGroup;
			children = (
				EC46578C1C67D65D00F6509E /* cijevi1.png */,
				EC46578D1C67D65D00F6509E /* cijevi2.png */,
				EC46578E1C67D65D00F6509E /* cijevi3.png */,
				EC46578F1C67D65D00F6509E /* cijevi4.png */,
				EC4657901C67D65D00F6509E /* cijevi5.png */,
				EC4657911C67D65D00F6509E /* cijevi6.png */,
				EC4657921C67D65D00F6509E /* cijevTurbine.png */,
				EC4657931C67D65D00F6509E /* cijevVentil.png */,
				EC4657951C67D65D00F6509E /* Default-568h@2x.png */,
				EC4657961C67D65D00F6509E /* mlazVode0.png */,
				EC4657971C67D65D00F6509E /* mlazVode1.png */,
				EC4657981C67D65D00F6509E /* mlazVode2.png */,
				EC4657991C67D65D00F6509E /* mlazVode3.png */,
				EC46579A1C67D65D00F6509E /* mlazVodeA0.png */,
				EC46579B1C67D65D00F6509E /* mlazVodeA1.png */,
				EC46579C1C67D65D00F6509E /* mlazVodeA3.png */,
				EC46579D1C67D65D00F6509E /* mlazVodeB0.png */,
				EC46579E1C67D65D00F6509E /* mlazVodeB1.png */,
				EC46579F1C67D65D00F6509E /* mlazVodeB3.png */,
				EC4657A01C67D65D00F6509E /* mlazVodeC0.png */,
				EC4657A11C67D65D00F6509E /* mlazVodeC1.png */,
				EC4657A21C67D65D00F6509E /* mlazVodeC3.png */,
				EC4657A31C67D65D00F6509E /* mlazVodeD0.png */,
				EC4657A41C67D65D00F6509E /* mlazVodeD1.png */,
				EC4657A51C67D65D00F6509E /* mlazVodeD3.png */,
				EC4657A61C67D65D00F6509E /* podlogaPipe.png */,
				EC4657A71C67D65D00F6509E /* podlogaPipe2.png */,
				EC4657A81C67D65D00F6509E /* ruckaVentila.png */,
				EC4657A91C67D65D00F6509E /* strelica.png */,
				EC4657AA1C67D65D00F6509E /* turbina3.png */,
				EC4657AB1C67D65D00F6509E /* turbinaStator.png */,
				EC4657AC1C67D65D00F6509E /* zarulja0000.png */,
				EC4657AD1C67D65D00F6509E /* zarulja0006.png */,
				EC4657AE1C67D65D00F6509E /* zarulja0007.png */,
				EC4657AF1C67D65D00F6509E /* zarulja0008.png */,
				EC4657B01C67D65D00F6509E /* zarulja0009.png */,
				EC4657B11C67D65D00F6509E /* zarulja0010.png */,
			);
			name = pipeSlike;
			sourceTree = "<group>";
		};
		EC5C62131C567FC400608AEC = {
			isa = PBXGroup;
			children = (
				AC6E8ABE1C6BA45E0034219D /* CoreLocation.framework */,
				AC6E8ABC1C6B947D0034219D /* MapKit.framework */,
				EC5C62771C581F6B00608AEC /* slike */,
				EC5C626A1C57F44D00608AEC /* webStranice */,
				EC5C621E1C567FC400608AEC /* MC Nikola Tesla */,
				EC5C621D1C567FC400608AEC /* Products */,
			);
			sourceTree = "<group>";
		};
		EC5C621D1C567FC400608AEC /* Products */ = {
			isa = PBXGroup;
			children = (
				EC5C621C1C567FC400608AEC /* MC Nikola Tesla.app */,
			);
			name = Products;
			sourceTree = "<group>";
		};
		EC5C621E1C567FC400608AEC /* MC Nikola Tesla */ = {
			isa = PBXGroup;
			children = (
				EC5C62221C567FC400608AEC /* AppDelegate.h */,
				EC5C62231C567FC400608AEC /* AppDelegate.m */,
				EC5C62251C567FC400608AEC /* ViewController.h */,
				EC5C62261C567FC400608AEC /* ViewController.m */,
				EC5C62281C567FC400608AEC /* Main.storyboard */,
				EC5C62601C56B27B00608AEC /* laser.h */,
				EC5C62611C56B27B00608AEC /* laser.m */,
				EC5C625D1C56B25800608AEC /* radio.h */,
				EC5C625E1C56B25800608AEC /* radio.m */,
				EC5C62631C56B31500608AEC /* elPipe.h */,
				EC5C62641C56B31500608AEC /* elPipe.m */,
				EC5C62571C56B20600608AEC /* jaje.h */,
				EC5C62581C56B20600608AEC /* jaje.m */,
				EC5C62541C56B1D000608AEC /* xray.h */,
				EC5C62551C56B1D000608AEC /* xray.m */,
				EC5C62511C56B1A700608AEC /* Faradey.h */,
				EC5C62521C56B1A700608AEC /* Faradey.m */,
				EC5C624E1C56B15200608AEC /* findus.h */,
				EC5C624F1C56B15200608AEC /* findus.m */,
				ACA4DA391C6E67A80017C18B /* MapAnnotations.h */,
				ACA4DA3A1C6E67A80017C18B /* MapAnnotations.m */,
				EC5C624B1C56B11700608AEC /* about.h */,
				EC5C624C1C56B11700608AEC /* about.m */,
				EC5C62451C56B05C00608AEC /* coil.h */,
				EC5C62461C56B05C00608AEC /* coil.m */,
				EC5C62481C56B09000608AEC /* transmision.h */,
				EC5C62491C56B09000608AEC /* transmision.m */,
				EC5C62421C56B02B00608AEC /* boat.h */,
				EC5C62431C56B02B00608AEC /* boat.m */,
				EC5C623F1C56AFFC00608AEC /* wireless.h */,
				EC5C62401C56AFFC00608AEC /* wireless.m */,
				EC5C623C1C56AF8C00608AEC /* motor.h */,
				EC5C623D1C56AF8C00608AEC /* motor.m */,
				EC5C62391C56AE5F00608AEC /* energy.h */,
				EC5C623A1C56AE5F00608AEC /* energy.m */,
				EC5C62361C56ADFA00608AEC /* bio.h */,
				EC5C62371C56ADFA00608AEC /* bio.m */,
				ECCD0F731C63BB1900A1A4D7 /* tesla200.png */,
				EC5C622B1C567FC400608AEC /* Assets.xcassets */,
				EC5C622D1C567FC400608AEC /* LaunchScreen.storyboard */,
				EC5C62301C567FC400608AEC /* Info.plist */,
				EC5C621F1C567FC400608AEC /* Supporting Files */,
			);
			path = "MC Nikola Tesla";
			sourceTree = "<group>";
		};
		EC5C621F1C567FC400608AEC /* Supporting Files */ = {
			isa = PBXGroup;
			children = (
				EC5C62201C567FC400608AEC /* main.m */,
			);
			name = "Supporting Files";
			sourceTree = "<group>";
		};
		EC5C626A1C57F44D00608AEC /* webStranice */ = {
			isa = PBXGroup;
			children = (
				EC5C626B1C58034F00608AEC /* prva.html */,
				EC5C62731C5818ED00608AEC /* druga.html */,
				EC5C626F1C58117600608AEC /* teslaSmiljan.jpg */,
				EC5C62711C58119200608AEC /* TeslaSjedi.png */,
				EC5C62751C581C4D00608AEC /* brodizvan.png */,
				EC5C627F1C58331900608AEC /* left.png */,
				EC5C62801C58331900608AEC /* right.png */,
			);
			name = webStranice;
			path = "MC Nikola Tesla";
			sourceTree = "<group>";
		};
		EC5C62771C581F6B00608AEC /* slike */ = {
			isa = PBXGroup;
			children = (
				EC46578B1C67D60200F6509E /* pipeSlike */,
				EC5C62781C581F7900608AEC /* ikone */,
			);
			name = slike;
			sourceTree = "<group>";
		};
		EC5C62781C581F7900608AEC /* ikone */ = {
			isa = PBXGroup;
			children = (
				EC5C62791C581F9700608AEC /* ticon.png */,
			);
			name = ikone;
			sourceTree = "<group>";
		};
/* End PBXGroup section */

/* Begin PBXNativeTarget section */
		EC5C621B1C567FC400608AEC /* MC Nikola Tesla */ = {
			isa = PBXNativeTarget;
			buildConfigurationList = EC5C62331C567FC400608AEC /* Build configuration list for PBXNativeTarget "MC Nikola Tesla" */;
			buildPhases = (
				EC5C62181C567FC400608AEC /* Sources */,
				EC5C62191C567FC400608AEC /* Frameworks */,
				EC5C621A1C567FC400608AEC /* Resources */,
			);
			buildRules = (
			);
			dependencies = (
			);
			name = "MC Nikola Tesla";
			productName = "MC Nikola Tesla";
			productReference = EC5C621C1C567FC400608AEC /* MC Nikola Tesla.app */;
			productType = "com.apple.product-type.application";
		};
/* End PBXNativeTarget section */

/* Begin PBXProject section */
		EC5C62141C567FC400608AEC /* Project object */ = {
			isa = PBXProject;
			attributes = {
				LastUpgradeCheck = 0720;
				ORGANIZATIONNAME = "Anton Orzes";
				TargetAttributes = {
					EC5C621B1C567FC400608AEC = {
						CreatedOnToolsVersion = 7.2;
						DevelopmentTeam = 8Z7M987K48;
					};
				};
			};
			buildConfigurationList = EC5C62171C567FC400608AEC /* Build configuration list for PBXProject "MC Nikola Tesla" */;
			compatibilityVersion = "Xcode 3.2";
			developmentRegion = English;
			hasScannedForEncodings = 0;
			knownRegions = (
				en,
				Base,
			);
			mainGroup = EC5C62131C567FC400608AEC;
			productRefGroup = EC5C621D1C567FC400608AEC /* Products */;
			projectDirPath = "";
			projectRoot = "";
			targets = (
				EC5C621B1C567FC400608AEC /* MC Nikola Tesla */,
			);
		};
/* End PBXProject section */

/* Begin PBXResourcesBuildPhase section */
		EC5C621A1C567FC400608AEC /* Resources */ = {
			isa = PBXResourcesBuildPhase;
			buildActionMask = 2147483647;
			files = (
				EC4657CF1C67D65D00F6509E /* strelica.png in Resources */,
				EC4657B31C67D65D00F6509E /* cijevi2.png in Resources */,
				EC4657BB1C67D65D00F6509E /* Default-568h@2x.png in Resources */,
				EC4657D51C67D65D00F6509E /* zarulja0008.png in Resources */,
				EC4657D71C67D65D00F6509E /* zarulja0010.png in Resources */,
				EC4657B21C67D65D00F6509E /* cijevi1.png in Resources */,
				EC4657D61C67D65D00F6509E /* zarulja0009.png in Resources */,
				EC4657CA1C67D65D00F6509E /* mlazVodeD1.png in Resources */,
				EC4657D41C67D65D00F6509E /* zarulja0007.png in Resources */,
				EC4657C71C67D65D00F6509E /* mlazVodeC1.png in Resources */,
				EC4657C21C67D65D00F6509E /* mlazVodeA3.png in Resources */,
				EC4657C81C67D65D00F6509E /* mlazVodeC3.png in Resources */,
				EC4657BD1C67D65D00F6509E /* mlazVode1.png in Resources */,
				EC5C622F1C567FC400608AEC /* LaunchScreen.storyboard in Resources */,
				EC5C62721C58119200608AEC /* TeslaSjedi.png in Resources */,
				ECCD0F741C63BB1900A1A4D7 /* tesla200.png in Resources */,
				EC5C62821C58331900608AEC /* right.png in Resources */,
				EC4657B41C67D65D00F6509E /* cijevi3.png in Resources */,
				EC5C62701C58117600608AEC /* teslaSmiljan.jpg in Resources */,
				EC4657BC1C67D65D00F6509E /* mlazVode0.png in Resources */,
				EC4657D01C67D65D00F6509E /* turbina3.png in Resources */,
				EC5C626C1C58034F00608AEC /* prva.html in Resources */,
				EC4657B61C67D65D00F6509E /* cijevi5.png in Resources */,
				EC4657C31C67D65D00F6509E /* mlazVodeB0.png in Resources */,
				EC4657C01C67D65D00F6509E /* mlazVodeA0.png in Resources */,
				EC5C622C1C567FC400608AEC /* Assets.xcassets in Resources */,
				EC5C62741C5818ED00608AEC /* druga.html in Resources */,
				EC4657CB1C67D65D00F6509E /* mlazVodeD3.png in Resources */,
				EC4657B71C67D65D00F6509E /* cijevi6.png in Resources */,
				EC4657D11C67D65D00F6509E /* turbinaStator.png in Resources */,
				EC4657BF1C67D65D00F6509E /* mlazVode3.png in Resources */,
				EC5C62811C58331900608AEC /* left.png in Resources */,
				EC4657CC1C67D65D00F6509E /* podlogaPipe.png in Resources */,
				EC4657C61C67D65D00F6509E /* mlazVodeC0.png in Resources */,
				EC4657B51C67D65D00F6509E /* cijevi4.png in Resources */,
				EC5C622A1C567FC400608AEC /* Main.storyboard in Resources */,
				EC4657C51C67D65D00F6509E /* mlazVodeB3.png in Resources */,
				EC4657C41C67D65D00F6509E /* mlazVodeB1.png in Resources */,
				EC5C62761C581C4D00608AEC /* brodizvan.png in Resources */,
				EC4657D21C67D65D00F6509E /* zarulja0000.png in Resources */,
				EC4657CD1C67D65D00F6509E /* podlogaPipe2.png in Resources */,
				EC4657B91C67D65D00F6509E /* cijevVentil.png in Resources */,
				EC4657BE1C67D65D00F6509E /* mlazVode2.png in Resources */,
				EC4657C11C67D65D00F6509E /* mlazVodeA1.png in Resources */,
				EC4657D31C67D65D00F6509E /* zarulja0006.png in Resources */,
				EC4657B81C67D65D00F6509E /* cijevTurbine.png in Resources */,
				EC5C627A1C581F9700608AEC /* ticon.png in Resources */,
				EC4657C91C67D65D00F6509E /* mlazVodeD0.png in Resources */,
				EC4657CE1C67D65D00F6509E /* ruckaVentila.png in Resources */,
			);
			runOnlyForDeploymentPostprocessing = 0;
		};
/* End PBXResourcesBuildPhase section */

/* Begin PBXSourcesBuildPhase section */
		EC5C62181C567FC400608AEC /* Sources */ = {
			isa = PBXSourcesBuildPhase;
			buildActionMask = 2147483647;
			files = (
				EC5C62501C56B15200608AEC /* findus.m in Sources */,
				EC5C62271C567FC400608AEC /* ViewController.m in Sources */,
				EC5C623B1C56AE5F00608AEC /* energy.m in Sources */,
				EC5C62621C56B27B00608AEC /* laser.m in Sources */,
				EC5C62411C56AFFC00608AEC /* wireless.m in Sources */,
				EC5C624A1C56B09000608AEC /* transmision.m in Sources */,
				EC5C62591C56B20600608AEC /* jaje.m in Sources */,
				EC5C62561C56B1D000608AEC /* xray.m in Sources */,
				EC5C62241C567FC400608AEC /* AppDelegate.m in Sources */,
				EC5C625F1C56B25800608AEC /* radio.m in Sources */,
				EC5C623E1C56AF8C00608AEC /* motor.m in Sources */,
				ACA4DA3B1C6E67A80017C18B /* MapAnnotations.m in Sources */,
				EC5C624D1C56B11700608AEC /* about.m in Sources */,
				EC5C62651C56B31500608AEC /* elPipe.m in Sources */,
				EC5C62531C56B1A700608AEC /* Faradey.m in Sources */,
				EC5C62381C56ADFA00608AEC /* bio.m in Sources */,
				EC5C62471C56B05C00608AEC /* coil.m in Sources */,
				EC5C62211C567FC400608AEC /* main.m in Sources */,
				EC5C62441C56B02B00608AEC /* boat.m in Sources */,
			);
			runOnlyForDeploymentPostprocessing = 0;
		};
/* End PBXSourcesBuildPhase section */

/* Begin PBXVariantGroup section */
		EC5C62281C567FC400608AEC /* Main.storyboard */ = {
			isa = PBXVariantGroup;
			children = (
				EC5C62291C567FC400608AEC /* Base */,
			);
			name = Main.storyboard;
			sourceTree = "<group>";
		};
		EC5C622D1C567FC400608AEC /* LaunchScreen.storyboard */ = {
			isa = PBXVariantGroup;
			children = (
				EC5C622E1C567FC400608AEC /* Base */,
			);
			name = LaunchScreen.storyboard;
			sourceTree = "<group>";
		};
/* End PBXVariantGroup section */

/* Begin XCBuildConfiguration section */
		EC5C62311C567FC400608AEC /* Debug */ = {
			isa = XCBuildConfiguration;
			buildSettings = {
				ALWAYS_SEARCH_USER_PATHS = NO;
				CLANG_CXX_LANGUAGE_STANDARD = "gnu++0x";
				CLANG_CXX_LIBRARY = "libc++";
				CLANG_ENABLE_MODULES = YES;
				CLANG_ENABLE_OBJC_ARC = YES;
				CLANG_WARN_BOOL_CONVERSION = YES;
				CLANG_WARN_CONSTANT_CONVERSION = YES;
				CLANG_WARN_DIRECT_OBJC_ISA_USAGE = YES_ERROR;
				CLANG_WARN_EMPTY_BODY = YES;
				CLANG_WARN_ENUM_CONVERSION = YES;
				CLANG_WARN_INT_CONVERSION = YES;
				CLANG_WARN_OBJC_ROOT_CLASS = YES_ERROR;
				CLANG_WARN_UNREACHABLE_CODE = YES;
				CLANG_WARN__DUPLICATE_METHOD_MATCH = YES;
				"CODE_SIGN_IDENTITY[sdk=iphoneos*]" = "iPhone Developer";
				COPY_PHASE_STRIP = NO;
				DEBUG_INFORMATION_FORMAT = dwarf;
				ENABLE_STRICT_OBJC_MSGSEND = YES;
				ENABLE_TESTABILITY = YES;
				GCC_C_LANGUAGE_STANDARD = gnu99;
				GCC_DYNAMIC_NO_PIC = NO;
				GCC_NO_COMMON_BLOCKS = YES;
				GCC_OPTIMIZATION_LEVEL = 0;
				GCC_PREPROCESSOR_DEFINITIONS = (
					"DEBUG=1",
					"$(inherited)",
				);
				GCC_WARN_64_TO_32_BIT_CONVERSION = YES;
				GCC_WARN_ABOUT_RETURN_TYPE = YES_ERROR;
				GCC_WARN_UNDECLARED_SELECTOR = YES;
				GCC_WARN_UNINITIALIZED_AUTOS = YES_AGGRESSIVE;
				GCC_WARN_UNUSED_FUNCTION = YES;
				GCC_WARN_UNUSED_VARIABLE = YES;
				IPHONEOS_DEPLOYMENT_TARGET = 9.2;
				MTL_ENABLE_DEBUG_INFO = YES;
				ONLY_ACTIVE_ARCH = YES;
				SDKROOT = iphoneos;
			};
			name = Debug;
		};
		EC5C62321C567FC400608AEC /* Release */ = {
			isa = XCBuildConfiguration;
			buildSettings = {
				ALWAYS_SEARCH_USER_PATHS = NO;
				CLANG_CXX_LANGUAGE_STANDARD = "gnu++0x";
				CLANG_CXX_LIBRARY = "libc++";
				CLANG_ENABLE_MODULES = YES;
				CLANG_ENABLE_OBJC_ARC = YES;
				CLANG_WARN_BOOL_CONVERSION = YES;
				CLANG_WARN_CONSTANT_CONVERSION = YES;
				CLANG_WARN_DIRECT_OBJC_ISA_USAGE = YES_ERROR;
				CLANG_WARN_EMPTY_BODY = YES;
				CLANG_WARN_ENUM_CONVERSION = YES;
				CLANG_WARN_INT_CONVERSION = YES;
				CLANG_WARN_OBJC_ROOT_CLASS = YES_ERROR;
				CLANG_WARN_UNREACHABLE_CODE = YES;
				CLANG_WARN__DUPLICATE_METHOD_MATCH = YES;
				"CODE_SIGN_IDENTITY[sdk=iphoneos*]" = "iPhone Developer";
				COPY_PHASE_STRIP = NO;
				DEBUG_INFORMATION_FORMAT = "dwarf-with-dsym";
				ENABLE_NS_ASSERTIONS = NO;
				ENABLE_STRICT_OBJC_MSGSEND = YES;
				GCC_C_LANGUAGE_STANDARD = gnu99;
				GCC_NO_COMMON_BLOCKS = YES;
				GCC_WARN_64_TO_32_BIT_CONVERSION = YES;
				GCC_WARN_ABOUT_RETURN_TYPE = YES_ERROR;
				GCC_WARN_UNDECLARED_SELECTOR = YES;
				GCC_WARN_UNINITIALIZED_AUTOS = YES_AGGRESSIVE;
				GCC_WARN_UNUSED_FUNCTION = YES;
				GCC_WARN_UNUSED_VARIABLE = YES;
				IPHONEOS_DEPLOYMENT_TARGET = 9.2;
				MTL_ENABLE_DEBUG_INFO = NO;
				SDKROOT = iphoneos;
				VALIDATE_PRODUCT = YES;
			};
			name = Release;
		};
		EC5C62341C567FC400608AEC /* Debug */ = {
			isa = XCBuildConfiguration;
			buildSettings = {
				ASSETCATALOG_COMPILER_APPICON_NAME = AppIcon;
				CODE_SIGN_IDENTITY = "iPhone Developer";
				INFOPLIST_FILE = "MC Nikola Tesla/Info.plist";
				LD_RUNPATH_SEARCH_PATHS = "$(inherited) @executable_path/Frameworks";
				PRODUCT_BUNDLE_IDENTIFIER = "orzes.MC-Nikola-Tesla";
				PRODUCT_NAME = "$(TARGET_NAME)";
				TARGETED_DEVICE_FAMILY = "1,2";
			};
			name = Debug;
		};
		EC5C62351C567FC400608AEC /* Release */ = {
			isa = XCBuildConfiguration;
			buildSettings = {
				ASSETCATALOG_COMPILER_APPICON_NAME = AppIcon;
				CODE_SIGN_IDENTITY = "iPhone Developer";
				INFOPLIST_FILE = "MC Nikola Tesla/Info.plist";
				LD_RUNPATH_SEARCH_PATHS = "$(inherited) @executable_path/Frameworks";
				PRODUCT_BUNDLE_IDENTIFIER = "orzes.MC-Nikola-Tesla";
				PRODUCT_NAME = "$(TARGET_NAME)";
				TARGETED_DEVICE_FAMILY = "1,2";
			};
			name = Release;
		};
/* End XCBuildConfiguration section */

/* Begin XCConfigurationList section */
		EC5C62171C567FC400608AEC /* Build configuration list for PBXProject "MC Nikola Tesla" */ = {
			isa = XCConfigurationList;
			buildConfigurations = (
				EC5C62311C567FC400608AEC /* Debug */,
				EC5C62321C567FC400608AEC /* Release */,
			);
			defaultConfigurationIsVisible = 0;
			defaultConfigurationName = Release;
		};
		EC5C62331C567FC400608AEC /* Build configuration list for PBXNativeTarget "MC Nikola Tesla" */ = {
			isa = XCConfigurationList;
			buildConfigurations = (
				EC5C62341C567FC400608AEC /* Debug */,
				EC5C62351C567FC400608AEC /* Release */,
			);
			defaultConfigurationIsVisible = 0;
			defaultConfigurationName = Release;
		};
/* End XCConfigurationList section */
	};
	rootObject = EC5C62141C567FC400608AEC /* Project object */;
}
